
Microsoft Visual Studio Solution File, Format Version 12.00
# Visual Studio Version 16
VisualStudioVersion = 16.0.30114.105
MinimumVisualStudioVersion = 10.0.40219.1
Project("{2150E333-8FDC-42A3-9474-1A3956D46DE8}") = "src", "src", "{CF553732-C5FD-4CDF-A680-AA3E745F6E91}"
EndProject
Project("{2150E333-8FDC-42A3-9474-1A3956D46DE8}") = "application", "src\application", "{B8F2489E-7486-41EA-A465-2439A0DE8661}"
EndProject
Project("{2150E333-8FDC-42A3-9474-1A3956D46DE8}") = "infrastructure", "src\infrastructure", "{88A102DC-996C-42D4-95FB-D8703D755797}"
EndProject
Project("{FAE04EC0-301F-11D3-BF4B-00C04F79EFBC}") = "API", "src\API\API.csproj", "{433D59BF-C379-48BB-A789-45C80A8FBC82}"
EndProject
Project("{FAE04EC0-301F-11D3-BF4B-00C04F79EFBC}") = "Orleans.Silo", "src\Orleans.Silo\Orleans.Silo.csproj", "{39F26142-4EE0-4595-980B-3500B2C03A6F}"
EndProject
Project("{FAE04EC0-301F-11D3-BF4B-00C04F79EFBC}") = "Domain", "src\Domain\Domain.csproj", "{11C43E2D-245D-4DA1-94CD-F3FEEBF80BC9}"
EndProject
Project("{FAE04EC0-301F-11D3-BF4B-00C04F79EFBC}") = "Signalr.Client", "src\Signalr.Client\Signalr.Client.csproj", "{C3644958-0566-4796-8A41-437D51528532}"
EndProject
Project("{FAE04EC0-301F-11D3-BF4B-00C04F79EFBC}") = "Orleans.Grains", "src\Orleans.Grains\Orleans.Grains.csproj", "{54DB971E-998C-4616-A37F-6B0129D06B72}"
EndProject
Project("{FAE04EC0-301F-11D3-BF4B-00C04F79EFBC}") = "Orleans.Interfaces", "src\Orleans.Interfaces\Orleans.Interfaces.csproj", "{F7763FF5-02F2-42C5-B6EB-85D8B18BFDA9}"
EndProject
Global
	GlobalSection(SolutionConfigurationPlatforms) = preSolution
		Debug|Any CPU = Debug|Any CPU
		Release|Any CPU = Release|Any CPU
	EndGlobalSection
	GlobalSection(SolutionProperties) = preSolution
		HideSolutionNode = FALSE
	EndGlobalSection
	GlobalSection(NestedProjects) = preSolution
		{B8F2489E-7486-41EA-A465-2439A0DE8661} = {CF553732-C5FD-4CDF-A680-AA3E745F6E91}
		{88A102DC-996C-42D4-95FB-D8703D755797} = {CF553732-C5FD-4CDF-A680-AA3E745F6E91}
		{433D59BF-C379-48BB-A789-45C80A8FBC82} = {B8F2489E-7486-41EA-A465-2439A0DE8661}
		{11C43E2D-245D-4DA1-94CD-F3FEEBF80BC9} = {CF553732-C5FD-4CDF-A680-AA3E745F6E91}
		{C3644958-0566-4796-8A41-437D51528532} = {CF553732-C5FD-4CDF-A680-AA3E745F6E91}
		{54DB971E-998C-4616-A37F-6B0129D06B72} = {88A102DC-996C-42D4-95FB-D8703D755797}
		{39F26142-4EE0-4595-980B-3500B2C03A6F} = {88A102DC-996C-42D4-95FB-D8703D755797}
		{F7763FF5-02F2-42C5-B6EB-85D8B18BFDA9} = {88A102DC-996C-42D4-95FB-D8703D755797}
	EndGlobalSection
	GlobalSection(ProjectConfigurationPlatforms) = postSolution
		{433D59BF-C379-48BB-A789-45C80A8FBC82}.Debug|Any CPU.ActiveCfg = Debug|Any CPU
		{433D59BF-C379-48BB-A789-45C80A8FBC82}.Debug|Any CPU.Build.0 = Debug|Any CPU
		{433D59BF-C379-48BB-A789-45C80A8FBC82}.Release|Any CPU.ActiveCfg = Release|Any CPU
		{433D59BF-C379-48BB-A789-45C80A8FBC82}.Release|Any CPU.Build.0 = Release|Any CPU
		{39F26142-4EE0-4595-980B-3500B2C03A6F}.Debug|Any CPU.ActiveCfg = Debug|Any CPU
		{39F26142-4EE0-4595-980B-3500B2C03A6F}.Debug|Any CPU.Build.0 = Debug|Any CPU
		{39F26142-4EE0-4595-980B-3500B2C03A6F}.Release|Any CPU.ActiveCfg = Release|Any CPU
		{39F26142-4EE0-4595-980B-3500B2C03A6F}.Release|Any CPU.Build.0 = Release|Any CPU
		{11C43E2D-245D-4DA1-94CD-F3FEEBF80BC9}.Debug|Any CPU.ActiveCfg = Debug|Any CPU
		{11C43E2D-245D-4DA1-94CD-F3FEEBF80BC9}.Debug|Any CPU.Build.0 = Debug|Any CPU
		{11C43E2D-245D-4DA1-94CD-F3FEEBF80BC9}.Release|Any CPU.ActiveCfg = Release|Any CPU
		{11C43E2D-245D-4DA1-94CD-F3FEEBF80BC9}.Release|Any CPU.Build.0 = Release|Any CPU
		{C3644958-0566-4796-8A41-437D51528532}.Debug|Any CPU.ActiveCfg = Debug|Any CPU
		{C3644958-0566-4796-8A41-437D51528532}.Debug|Any CPU.Build.0 = Debug|Any CPU
		{C3644958-0566-4796-8A41-437D51528532}.Release|Any CPU.ActiveCfg = Release|Any CPU
		{C3644958-0566-4796-8A41-437D51528532}.Release|Any CPU.Build.0 = Release|Any CPU
		{54DB971E-998C-4616-A37F-6B0129D06B72}.Debug|Any CPU.ActiveCfg = Debug|Any CPU
		{54DB971E-998C-4616-A37F-6B0129D06B72}.Debug|Any CPU.Build.0 = Debug|Any CPU
		{54DB971E-998C-4616-A37F-6B0129D06B72}.Release|Any CPU.ActiveCfg = Release|Any CPU
		{54DB971E-998C-4616-A37F-6B0129D06B72}.Release|Any CPU.Build.0 = Release|Any CPU
		{F7763FF5-02F2-42C5-B6EB-85D8B18BFDA9}.Debug|Any CPU.ActiveCfg = Debug|Any CPU
		{F7763FF5-02F2-42C5-B6EB-85D8B18BFDA9}.Debug|Any CPU.Build.0 = Debug|Any CPU
		{F7763FF5-02F2-42C5-B6EB-85D8B18BFDA9}.Release|Any CPU.ActiveCfg = Release|Any CPU
		{F7763FF5-02F2-42C5-B6EB-85D8B18BFDA9}.Release|Any CPU.Build.0 = Release|Any CPU
	EndGlobalSection
EndGlobal
